
Microsoft Visual Studio Solution File, Format Version 12.00
# Visual Studio Version 17
VisualStudioVersion = 17.11.35327.3
MinimumVisualStudioVersion = 10.0.40219.1
Project("{FAE04EC0-301F-11D3-BF4B-00C04F79EFBC}") = "EightHomework", "EightHomework\EightHomework.csproj", "{8A4E41A2-6782-42AA-AE6C-3A7A10518EF0}"
EndProject
Project("{FAE04EC0-301F-11D3-BF4B-00C04F79EFBC}") = "Tumakov", "Tumakov\Tumakov.csproj", "{0AFB707A-D1AE-48D2-AF57-85D5197A2E7D}"
EndProject
Global
	GlobalSection(SolutionConfigurationPlatforms) = preSolution
		Debug|Any CPU = Debug|Any CPU
		Release|Any CPU = Release|Any CPU
	EndGlobalSection
	GlobalSection(ProjectConfigurationPlatforms) = postSolution
		{8A4E41A2-6782-42AA-AE6C-3A7A10518EF0}.Debug|Any CPU.ActiveCfg = Debug|Any CPU
		{8A4E41A2-6782-42AA-AE6C-3A7A10518EF0}.Debug|Any CPU.Build.0 = Debug|Any CPU
		{8A4E41A2-6782-42AA-AE6C-3A7A10518EF0}.Release|Any CPU.ActiveCfg = Release|Any CPU
		{8A4E41A2-6782-42AA-AE6C-3A7A10518EF0}.Release|Any CPU.Build.0 = Release|Any CPU
		{0AFB707A-D1AE-48D2-AF57-85D5197A2E7D}.Debug|Any CPU.ActiveCfg = Debug|Any CPU
		{0AFB707A-D1AE-48D2-AF57-85D5197A2E7D}.Debug|Any CPU.Build.0 = Debug|Any CPU
		{0AFB707A-D1AE-48D2-AF57-85D5197A2E7D}.Release|Any CPU.ActiveCfg = Release|Any CPU
		{0AFB707A-D1AE-48D2-AF57-85D5197A2E7D}.Release|Any CPU.Build.0 = Release|Any CPU
	EndGlobalSection
	GlobalSection(SolutionProperties) = preSolution
		HideSolutionNode = FALSE
	EndGlobalSection
	GlobalSection(ExtensibilityGlobals) = postSolution
		SolutionGuid = {0AF8A277-6E04-49C3-87F7-50C4899B022F}
	EndGlobalSection
EndGlobal
